
Microsoft Visual Studio Solution File, Format Version 12.00
# Visual Studio Version 17
VisualStudioVersion = 17.13.35931.197 d17.13
MinimumVisualStudioVersion = 10.0.40219.1
Project("{FAE04EC0-301F-11D3-BF4B-00C04F79EFBC}") = "ErrorProvider", "ErrorProvider.csproj", "{973B8913-6105-4688-9569-5D13D1683170}"
EndProject
Global
	GlobalSection(SolutionConfigurationPlatforms) = preSolution
		Debug|Any CPU = Debug|Any CPU
		Release|Any CPU = Release|Any CPU
	EndGlobalSection
	GlobalSection(ProjectConfigurationPlatforms) = postSolution
		{973B8913-6105-4688-9569-5D13D1683170}.Debug|Any CPU.ActiveCfg = Debug|Any CPU
		{973B8913-6105-4688-9569-5D13D1683170}.Debug|Any CPU.Build.0 = Debug|Any CPU
		{973B8913-6105-4688-9569-5D13D1683170}.Release|Any CPU.ActiveCfg = Release|Any CPU
		{973B8913-6105-4688-9569-5D13D1683170}.Release|Any CPU.Build.0 = Release|Any CPU
	EndGlobalSection
	GlobalSection(SolutionProperties) = preSolution
		HideSolutionNode = FALSE
	EndGlobalSection
	GlobalSection(ExtensibilityGlobals) = postSolution
		SolutionGuid = {4832C4CB-A33C-4683-BC63-B03497886D13}
	EndGlobalSection
EndGlobal
